
Microsoft Visual Studio Solution File, Format Version 12.00
# Visual Studio 15
VisualStudioVersion = 15.0.28010.2046
MinimumVisualStudioVersion = 10.0.40219.1
Project("{FAE04EC0-301F-11D3-BF4B-00C04F79EFBC}") = "ChaosGame", "ChaosGame\ChaosGame.csproj", "{E58E878B-6C70-4E7B-AF7A-409FD9B45283}"
EndProject
Project("{FAE04EC0-301F-11D3-BF4B-00C04F79EFBC}") = "ChaosGameClassLib", "ClassLibrary1\ChaosGameClassLib.csproj", "{807FA247-08BA-43BA-940C-5B3A63C3B33D}"
EndProject
Global
	GlobalSection(SolutionConfigurationPlatforms) = preSolution
		Debug|Any CPU = Debug|Any CPU
		Release|Any CPU = Release|Any CPU
	EndGlobalSection
	GlobalSection(ProjectConfigurationPlatforms) = postSolution
		{E58E878B-6C70-4E7B-AF7A-409FD9B45283}.Debug|Any CPU.ActiveCfg = Debug|Any CPU
		{E58E878B-6C70-4E7B-AF7A-409FD9B45283}.Debug|Any CPU.Build.0 = Debug|Any CPU
		{E58E878B-6C70-4E7B-AF7A-409FD9B45283}.Release|Any CPU.ActiveCfg = Release|Any CPU
		{E58E878B-6C70-4E7B-AF7A-409FD9B45283}.Release|Any CPU.Build.0 = Release|Any CPU
		{807FA247-08BA-43BA-940C-5B3A63C3B33D}.Debug|Any CPU.ActiveCfg = Debug|Any CPU
		{807FA247-08BA-43BA-940C-5B3A63C3B33D}.Debug|Any CPU.Build.0 = Debug|Any CPU
		{807FA247-08BA-43BA-940C-5B3A63C3B33D}.Release|Any CPU.ActiveCfg = Release|Any CPU
		{807FA247-08BA-43BA-940C-5B3A63C3B33D}.Release|Any CPU.Build.0 = Release|Any CPU
	EndGlobalSection
	GlobalSection(SolutionProperties) = preSolution
		HideSolutionNode = FALSE
	EndGlobalSection
	GlobalSection(ExtensibilityGlobals) = postSolution
		SolutionGuid = {62337A1A-6109-4EB0-BDB2-3C2BCE21798E}
	EndGlobalSection
EndGlobal
